{
  "name": "kakalog_new",
  "version": "1.0.0",
  "lockfileVersion": 3,
  "requires": true,
  "packages": {
    "": {
      "name": "kakalog_new",
      "version": "1.0.0",
      "license": "ISC",
      "dependencies": {
        "lin-ui": "^0.9.13",
        "tdesign-miniprogram": "^1.2.6"
      }
    },
    "node_modules/dayjs": {
      "version": "1.11.10",
      "resolved": "https://registry.npmjs.org/dayjs/-/dayjs-1.11.10.tgz",
      "integrity": "sha512-vjAczensTgRcqDERK0SR2XMwsF/tSvnvlv6VcF2GIhg6Sx4yOIt/irsr1RDJsKiIyBzJDpCoXiWWq28MqH2cnQ=="
    },
    "node_modules/lin-ui": {
      "version": "0.9.13",
      "resolved": "https://registry.npmjs.org/lin-ui/-/lin-ui-0.9.13.tgz",
      "integrity": "sha512-RFRq1D+jCkhFzVCe/Y4C/NnWEK21ZiY961/HJR3mHmHmdq5IkrNBt/39WsUuWcDPty48WaY/3IipOPBBD+7ttw=="
    },
    "node_modules/tdesign-miniprogram": {
      "version": "1.2.6",
      "resolved": "https://registry.npmjs.org/tdesign-miniprogram/-/tdesign-miniprogram-1.2.6.tgz",
      "integrity": "sha512-uz8pc0RaTbvIKgnx3Dk0OAkQo8LRwMk+20opinEfzX+qlnAy89/2FG+1G3Ie+lHkncvLFMPfPRG1UyBCZhn+ZQ==",
      "dependencies": {
        "dayjs": "^1.10.7"
      }
    }
  }
}
